
Microsoft Visual Studio Solution File, Format Version 12.00
# Visual Studio Version 16
VisualStudioVersion = 16.0.31112.23
MinimumVisualStudioVersion = 10.0.40219.1
Project("{9A19103F-16F7-4668-BE54-9A1E7A4F7556}") = "KoikatsuSA10", "KoikatsuSA10.csproj", "{418BDBF8-4166-4A59-A9FE-2056C2DC0E21}"
EndProject
Global
	GlobalSection(SolutionConfigurationPlatforms) = preSolution
		Debug|Any CPU = Debug|Any CPU
		Release|Any CPU = Release|Any CPU
	EndGlobalSection
	GlobalSection(ProjectConfigurationPlatforms) = postSolution
		{418BDBF8-4166-4A59-A9FE-2056C2DC0E21}.Debug|Any CPU.ActiveCfg = Debug|Any CPU
		{418BDBF8-4166-4A59-A9FE-2056C2DC0E21}.Debug|Any CPU.Build.0 = Debug|Any CPU
		{418BDBF8-4166-4A59-A9FE-2056C2DC0E21}.Release|Any CPU.ActiveCfg = Release|Any CPU
		{418BDBF8-4166-4A59-A9FE-2056C2DC0E21}.Release|Any CPU.Build.0 = Release|Any CPU
	EndGlobalSection
	GlobalSection(SolutionProperties) = preSolution
		HideSolutionNode = FALSE
	EndGlobalSection
	GlobalSection(ExtensibilityGlobals) = postSolution
		SolutionGuid = {C28C67FA-36CC-40A7-8C0B-BCCC06110AA3}
	EndGlobalSection
EndGlobal
